
Microsoft Visual Studio Solution File, Format Version 12.00
# Visual Studio Version 17
VisualStudioVersion = 17.5.33424.131
MinimumVisualStudioVersion = 10.0.40219.1
Project("{0e3d5784-2ce5-4b3e-ad4e-256ad1d31b07}") = "TOHA", "TownOfHost.csproj", "{a93a693c-ad4c-4e0a-b500-a44c7527de02}"
EndProject
